
Microsoft Visual Studio Solution File, Format Version 12.00
# Visual Studio Version 17
VisualStudioVersion = 17.0.31903.59
MinimumVisualStudioVersion = 10.0.40219.1
Project("{FAE04EC0-301F-11D3-BF4B-00C04F79EFBC}") = "Project.Domain", "Project.Domain\Project.Domain.csproj", "{DB08A368-BC74-4D86-BD4A-AD0C405C9C44}"
EndProject
Project("{FAE04EC0-301F-11D3-BF4B-00C04F79EFBC}") = "Project.Application", "Project.Application\Project.Application.csproj", "{5F67119A-D575-4A5E-8964-8F9E1AEA743F}"
EndProject
Project("{FAE04EC0-301F-11D3-BF4B-00C04F79EFBC}") = "Project.Infrastructure", "Project.Infrastructure\Project.Infrastructure.csproj", "{A36571AC-4173-4470-A4E8-C14075A1B286}"
EndProject
Project("{FAE04EC0-301F-11D3-BF4B-00C04F79EFBC}") = "Project.Tests", "Project.Tests\Project.Tests.csproj", "{0659300E-FB50-499E-84DF-2E6A3F40E19C}"
EndProject
Project("{FAE04EC0-301F-11D3-BF4B-00C04F79EFBC}") = "Project.Api", "Project.Api\Project.Api.csproj", "{B1120C0C-7974-44E6-A79E-DC8406B8D0BA}"
EndProject
Project("{FAE04EC0-301F-11D3-BF4B-00C04F79EFBC}") = "Project.Logging", "Project.Logging\Project.Logging.csproj", "{C259156F-535D-4777-9D3E-E52D10FC95CB}"
EndProject
Global
	GlobalSection(SolutionConfigurationPlatforms) = preSolution
		Debug|Any CPU = Debug|Any CPU
		Debug|x64 = Debug|x64
		Debug|x86 = Debug|x86
		Release|Any CPU = Release|Any CPU
		Release|x64 = Release|x64
		Release|x86 = Release|x86
	EndGlobalSection
	GlobalSection(ProjectConfigurationPlatforms) = postSolution
		{DB08A368-BC74-4D86-BD4A-AD0C405C9C44}.Debug|Any CPU.ActiveCfg = Debug|Any CPU
		{DB08A368-BC74-4D86-BD4A-AD0C405C9C44}.Debug|Any CPU.Build.0 = Debug|Any CPU
		{DB08A368-BC74-4D86-BD4A-AD0C405C9C44}.Debug|x64.ActiveCfg = Debug|Any CPU
		{DB08A368-BC74-4D86-BD4A-AD0C405C9C44}.Debug|x64.Build.0 = Debug|Any CPU
		{DB08A368-BC74-4D86-BD4A-AD0C405C9C44}.Debug|x86.ActiveCfg = Debug|Any CPU
		{DB08A368-BC74-4D86-BD4A-AD0C405C9C44}.Debug|x86.Build.0 = Debug|Any CPU
		{DB08A368-BC74-4D86-BD4A-AD0C405C9C44}.Release|Any CPU.ActiveCfg = Release|Any CPU
		{DB08A368-BC74-4D86-BD4A-AD0C405C9C44}.Release|Any CPU.Build.0 = Release|Any CPU
		{DB08A368-BC74-4D86-BD4A-AD0C405C9C44}.Release|x64.ActiveCfg = Release|Any CPU
		{DB08A368-BC74-4D86-BD4A-AD0C405C9C44}.Release|x64.Build.0 = Release|Any CPU
		{DB08A368-BC74-4D86-BD4A-AD0C405C9C44}.Release|x86.ActiveCfg = Release|Any CPU
		{DB08A368-BC74-4D86-BD4A-AD0C405C9C44}.Release|x86.Build.0 = Release|Any CPU
		{5F67119A-D575-4A5E-8964-8F9E1AEA743F}.Debug|Any CPU.ActiveCfg = Debug|Any CPU
		{5F67119A-D575-4A5E-8964-8F9E1AEA743F}.Debug|Any CPU.Build.0 = Debug|Any CPU
		{5F67119A-D575-4A5E-8964-8F9E1AEA743F}.Debug|x64.ActiveCfg = Debug|Any CPU
		{5F67119A-D575-4A5E-8964-8F9E1AEA743F}.Debug|x64.Build.0 = Debug|Any CPU
		{5F67119A-D575-4A5E-8964-8F9E1AEA743F}.Debug|x86.ActiveCfg = Debug|Any CPU
		{5F67119A-D575-4A5E-8964-8F9E1AEA743F}.Debug|x86.Build.0 = Debug|Any CPU
		{5F67119A-D575-4A5E-8964-8F9E1AEA743F}.Release|Any CPU.ActiveCfg = Release|Any CPU
		{5F67119A-D575-4A5E-8964-8F9E1AEA743F}.Release|Any CPU.Build.0 = Release|Any CPU
		{5F67119A-D575-4A5E-8964-8F9E1AEA743F}.Release|x64.ActiveCfg = Release|Any CPU
		{5F67119A-D575-4A5E-8964-8F9E1AEA743F}.Release|x64.Build.0 = Release|Any CPU
		{5F67119A-D575-4A5E-8964-8F9E1AEA743F}.Release|x86.ActiveCfg = Release|Any CPU
		{5F67119A-D575-4A5E-8964-8F9E1AEA743F}.Release|x86.Build.0 = Release|Any CPU
		{A36571AC-4173-4470-A4E8-C14075A1B286}.Debug|Any CPU.ActiveCfg = Debug|Any CPU
		{A36571AC-4173-4470-A4E8-C14075A1B286}.Debug|Any CPU.Build.0 = Debug|Any CPU
		{A36571AC-4173-4470-A4E8-C14075A1B286}.Debug|x64.ActiveCfg = Debug|Any CPU
		{A36571AC-4173-4470-A4E8-C14075A1B286}.Debug|x64.Build.0 = Debug|Any CPU
		{A36571AC-4173-4470-A4E8-C14075A1B286}.Debug|x86.ActiveCfg = Debug|Any CPU
		{A36571AC-4173-4470-A4E8-C14075A1B286}.Debug|x86.Build.0 = Debug|Any CPU
		{A36571AC-4173-4470-A4E8-C14075A1B286}.Release|Any CPU.ActiveCfg = Release|Any CPU
		{A36571AC-4173-4470-A4E8-C14075A1B286}.Release|Any CPU.Build.0 = Release|Any CPU
		{A36571AC-4173-4470-A4E8-C14075A1B286}.Release|x64.ActiveCfg = Release|Any CPU
		{A36571AC-4173-4470-A4E8-C14075A1B286}.Release|x64.Build.0 = Release|Any CPU
		{A36571AC-4173-4470-A4E8-C14075A1B286}.Release|x86.ActiveCfg = Release|Any CPU
		{A36571AC-4173-4470-A4E8-C14075A1B286}.Release|x86.Build.0 = Release|Any CPU
		{0659300E-FB50-499E-84DF-2E6A3F40E19C}.Debug|Any CPU.ActiveCfg = Debug|Any CPU
		{0659300E-FB50-499E-84DF-2E6A3F40E19C}.Debug|Any CPU.Build.0 = Debug|Any CPU
		{0659300E-FB50-499E-84DF-2E6A3F40E19C}.Debug|x64.ActiveCfg = Debug|Any CPU
		{0659300E-FB50-499E-84DF-2E6A3F40E19C}.Debug|x64.Build.0 = Debug|Any CPU
		{0659300E-FB50-499E-84DF-2E6A3F40E19C}.Debug|x86.ActiveCfg = Debug|Any CPU
		{0659300E-FB50-499E-84DF-2E6A3F40E19C}.Debug|x86.Build.0 = Debug|Any CPU
		{0659300E-FB50-499E-84DF-2E6A3F40E19C}.Release|Any CPU.ActiveCfg = Release|Any CPU
		{0659300E-FB50-499E-84DF-2E6A3F40E19C}.Release|Any CPU.Build.0 = Release|Any CPU
		{0659300E-FB50-499E-84DF-2E6A3F40E19C}.Release|x64.ActiveCfg = Release|Any CPU
		{0659300E-FB50-499E-84DF-2E6A3F40E19C}.Release|x64.Build.0 = Release|Any CPU
		{0659300E-FB50-499E-84DF-2E6A3F40E19C}.Release|x86.ActiveCfg = Release|Any CPU
		{0659300E-FB50-499E-84DF-2E6A3F40E19C}.Release|x86.Build.0 = Release|Any CPU
		{B1120C0C-7974-44E6-A79E-DC8406B8D0BA}.Debug|Any CPU.ActiveCfg = Debug|Any CPU
		{B1120C0C-7974-44E6-A79E-DC8406B8D0BA}.Debug|Any CPU.Build.0 = Debug|Any CPU
		{B1120C0C-7974-44E6-A79E-DC8406B8D0BA}.Debug|x64.ActiveCfg = Debug|Any CPU
		{B1120C0C-7974-44E6-A79E-DC8406B8D0BA}.Debug|x64.Build.0 = Debug|Any CPU
		{B1120C0C-7974-44E6-A79E-DC8406B8D0BA}.Debug|x86.ActiveCfg = Debug|Any CPU
		{B1120C0C-7974-44E6-A79E-DC8406B8D0BA}.Debug|x86.Build.0 = Debug|Any CPU
		{B1120C0C-7974-44E6-A79E-DC8406B8D0BA}.Release|Any CPU.ActiveCfg = Release|Any CPU
		{B1120C0C-7974-44E6-A79E-DC8406B8D0BA}.Release|Any CPU.Build.0 = Release|Any CPU
		{B1120C0C-7974-44E6-A79E-DC8406B8D0BA}.Release|x64.ActiveCfg = Release|Any CPU
		{B1120C0C-7974-44E6-A79E-DC8406B8D0BA}.Release|x64.Build.0 = Release|Any CPU
		{B1120C0C-7974-44E6-A79E-DC8406B8D0BA}.Release|x86.ActiveCfg = Release|Any CPU
		{B1120C0C-7974-44E6-A79E-DC8406B8D0BA}.Release|x86.Build.0 = Release|Any CPU
		{C259156F-535D-4777-9D3E-E52D10FC95CB}.Debug|Any CPU.ActiveCfg = Debug|Any CPU
		{C259156F-535D-4777-9D3E-E52D10FC95CB}.Debug|Any CPU.Build.0 = Debug|Any CPU
		{C259156F-535D-4777-9D3E-E52D10FC95CB}.Debug|x64.ActiveCfg = Debug|Any CPU
		{C259156F-535D-4777-9D3E-E52D10FC95CB}.Debug|x64.Build.0 = Debug|Any CPU
		{C259156F-535D-4777-9D3E-E52D10FC95CB}.Debug|x86.ActiveCfg = Debug|Any CPU
		{C259156F-535D-4777-9D3E-E52D10FC95CB}.Debug|x86.Build.0 = Debug|Any CPU
		{C259156F-535D-4777-9D3E-E52D10FC95CB}.Release|Any CPU.ActiveCfg = Release|Any CPU
		{C259156F-535D-4777-9D3E-E52D10FC95CB}.Release|Any CPU.Build.0 = Release|Any CPU
		{C259156F-535D-4777-9D3E-E52D10FC95CB}.Release|x64.ActiveCfg = Release|Any CPU
		{C259156F-535D-4777-9D3E-E52D10FC95CB}.Release|x64.Build.0 = Release|Any CPU
		{C259156F-535D-4777-9D3E-E52D10FC95CB}.Release|x86.ActiveCfg = Release|Any CPU
		{C259156F-535D-4777-9D3E-E52D10FC95CB}.Release|x86.Build.0 = Release|Any CPU
	EndGlobalSection
	GlobalSection(SolutionProperties) = preSolution
		HideSolutionNode = FALSE
	EndGlobalSection
EndGlobal
